<?xml version="1.0" encoding="utf-8"?>
<Project ToolsVersion="4.0" xmlns="http://schemas.microsoft.com/developer/msbuild/2003">
  <ItemGroup>
    <Filter Include="Source Files">
      <UniqueIdentifier>{4FC737F1-C7A5-4376-A066-2A32D752A2FF}</UniqueIdentifier>
      <Extensions>cpp;c;cc;cxx;def;odl;idl;hpj;bat;asm;asmx</Extensions>
    </Filter>
    <Filter Include="Header Files">
      <UniqueIdentifier>{93995380-89BD-4b04-88EB-625FBE52EBFB}</UniqueIdentifier>
      <Extensions>h;hh;hpp;hxx;hm;inl;inc;ipp;xsd</Extensions>
    </Filter>
    <Filter Include="Resource Files">
      <UniqueIdentifier>{67DA6AB6-F800-4c08-8B7A-83BB121AAD01}</UniqueIdentifier>
      <Extensions>rc;ico;cur;bmp;dlg;rc2;rct;bin;rgs;gif;jpg;jpeg;jpe;resx;tiff;tif;png;wav;mfcribbon-ms</Extensions>
    </Filter>
  </ItemGroup>
  <ItemGroup>
    <ClInclude Include="include\OvMaths\FVector2.h">
      <Filter>Header Files</Filter>
    </ClInclude>
    <ClInclude Include="include\OvMaths\FVector3.h">
      <Filter>Header Files</Filter>
    </ClInclude>
    <ClInclude Include="include\OvMaths\FMatrix3.h">
      <Filter>Header Files</Filter>
    </ClInclude>
    <ClInclude Include="include\OvMaths\FVector4.h">
      <Filter>Header Files</Filter>
    </ClInclude>
    <ClInclude Include="include\OvMaths\API\Export.h">
      <Filter>Header Files</Filter>
    </ClInclude>
    <ClInclude Include="include\OvMaths\FMatrix4.h">
      <Filter>Header Files</Filter>
    </ClInclude>
    <ClInclude Include="include\OvMaths\FQuaternion.h">
      <Filter>Header Files</Filter>
    </ClInclude>
    <ClInclude Include="include\OvMaths\FTransform.h">
      <Filter>Header Files</Filter>
    </ClInclude>
    <ClInclude Include="include\OvMaths\Internal\TransformNotifier.h">
      <Filter>Header Files</Filter>
    </ClInclude>
  </ItemGroup>
  <ItemGroup>
    <ClCompile Include="src\OvMaths\FVector2.cpp">
      <Filter>Source Files</Filter>
    </ClCompile>
    <ClCompile Include="src\OvMaths\FVector3.cpp">
      <Filter>Source Files</Filter>
    </ClCompile>
    <ClCompile Include="src\OvMaths\FMatrix3.cpp">
      <Filter>Source Files</Filter>
    </ClCompile>
    <ClCompile Include="src\OvMaths\FVector4.cpp">
      <Filter>Source Files</Filter>
    </ClCompile>
    <ClCompile Include="src\OvMaths\FMatrix4.cpp">
      <Filter>Source Files</Filter>
    </ClCompile>
    <ClCompile Include="src\OvMaths\FQuaternion.cpp">
      <Filter>Source Files</Filter>
    </ClCompile>
    <ClCompile Include="src\OvMaths\FTransform.cpp">
      <Filter>Source Files</Filter>
    </ClCompile>
    <ClCompile Include="src\OvMaths\Internal\TransformNotifier.cpp">
      <Filter>Source Files</Filter>
    </ClCompile>
  </ItemGroup>
</Project>