<?xml version="1.0" encoding="utf-8"?>
<Project ToolsVersion="4.0" xmlns="http://schemas.microsoft.com/developer/msbuild/2003">
  <ItemGroup>
    <Filter Include="Source Files">
      <UniqueIdentifier>{4FC737F1-C7A5-4376-A066-2A32D752A2FF}</UniqueIdentifier>
      <Extensions>cpp;c;cc;cxx;def;odl;idl;hpj;bat;asm;asmx</Extensions>
    </Filter>
    <Filter Include="Header Files">
      <UniqueIdentifier>{93995380-89BD-4b04-88EB-625FBE52EBFB}</UniqueIdentifier>
      <Extensions>h;hh;hpp;hxx;hm;inl;inc;ipp;xsd</Extensions>
    </Filter>
    <Filter Include="Resource Files">
      <UniqueIdentifier>{67DA6AB6-F800-4c08-8B7A-83BB121AAD01}</UniqueIdentifier>
      <Extensions>rc;ico;cur;bmp;dlg;rc2;rct;bin;rgs;gif;jpg;jpeg;jpe;resx;tiff;tif;png;wav;mfcribbon-ms</Extensions>
    </Filter>
  </ItemGroup>
  <ItemGroup>
    <ClInclude Include="include\OvRendering\API\Export.h">
      <Filter>Header Files</Filter>
    </ClInclude>
    <ClInclude Include="include\OvRendering\Context\Driver.h">
      <Filter>Header Files</Filter>
    </ClInclude>
    <ClInclude Include="include\OvRendering\Resources\Texture.h">
      <Filter>Header Files</Filter>
    </ClInclude>
    <ClInclude Include="include\OvRendering\Resources\Shader.h">
      <Filter>Header Files</Filter>
    </ClInclude>
    <ClInclude Include="include\OvRendering\Settings\DriverSettings.h">
      <Filter>Header Files</Filter>
    </ClInclude>
    <ClInclude Include="include\OvRendering\LowRenderer\Camera.h">
      <Filter>Header Files</Filter>
    </ClInclude>
    <ClInclude Include="include\OvRendering\Core\Renderer.h">
      <Filter>Header Files</Filter>
    </ClInclude>
    <ClInclude Include="include\OvRendering\Geometry\Vertex.h">
      <Filter>Header Files</Filter>
    </ClInclude>
    <ClInclude Include="include\OvRendering\Buffers\VertexArray.h">
      <Filter>Header Files</Filter>
    </ClInclude>
    <ClInclude Include="include\OvRendering\Buffers\VertexBuffer.h">
      <Filter>Header Files</Filter>
    </ClInclude>
    <ClInclude Include="include\OvRendering\Buffers\IndexBuffer.h">
      <Filter>Header Files</Filter>
    </ClInclude>
    <ClInclude Include="include\OvRendering\Resources\IMesh.h">
      <Filter>Header Files</Filter>
    </ClInclude>
    <ClInclude Include="include\OvRendering\Resources\Mesh.h">
      <Filter>Header Files</Filter>
    </ClInclude>
    <ClInclude Include="include\OvRendering\Resources\Loaders\ShaderLoader.h">
      <Filter>Header Files</Filter>
    </ClInclude>
    <ClInclude Include="include\OvRendering\Resources\Loaders\TextureLoader.h">
      <Filter>Header Files</Filter>
    </ClInclude>
    <ClInclude Include="include\OvRendering\Resources\Parsers\AssimpParser.h">
      <Filter>Header Files</Filter>
    </ClInclude>
    <ClInclude Include="include\OvRendering\Resources\Parsers\IModelParser.h">
      <Filter>Header Files</Filter>
    </ClInclude>
    <ClInclude Include="include\OvRendering\Resources\Parsers\EModelParserFlags.h">
      <Filter>Header Files</Filter>
    </ClInclude>
    <ClInclude Include="include\OvRendering\Resources\UniformType.h">
      <Filter>Header Files</Filter>
    </ClInclude>
    <ClInclude Include="include\OvRendering\Buffers\UniformBuffer.h">
      <Filter>Header Files</Filter>
    </ClInclude>
    <ClInclude Include="include\OvRendering\Buffers\EAccessSpecifier.h">
      <Filter>Header Files</Filter>
    </ClInclude>
    <ClInclude Include="include\OvRendering\Buffers\ShaderStorageBuffer.h">
      <Filter>Header Files</Filter>
    </ClInclude>
    <ClInclude Include="include\OvRendering\Settings\ERenderingCapability.h">
      <Filter>Header Files</Filter>
    </ClInclude>
    <ClInclude Include="include\OvRendering\Settings\ERasterizationMode.h">
      <Filter>Header Files</Filter>
    </ClInclude>
    <ClInclude Include="include\OvRendering\Settings\EPrimitiveMode.h">
      <Filter>Header Files</Filter>
    </ClInclude>
    <ClInclude Include="include\OvRendering\Settings\EComparaisonAlgorithm.h">
      <Filter>Header Files</Filter>
    </ClInclude>
    <ClInclude Include="include\OvRendering\Settings\EOperation.h">
      <Filter>Header Files</Filter>
    </ClInclude>
    <ClInclude Include="include\OvRendering\Entities\Light.h">
      <Filter>Header Files</Filter>
    </ClInclude>
    <ClInclude Include="include\OvRendering\Resources\UniformInfo.h">
      <Filter>Header Files</Filter>
    </ClInclude>
    <ClInclude Include="include\OvRendering\Settings\ECullFace.h">
      <Filter>Header Files</Filter>
    </ClInclude>
    <ClInclude Include="include\OvRendering\Resources\Model.h">
      <Filter>Header Files</Filter>
    </ClInclude>
    <ClInclude Include="include\OvRendering\Resources\Loaders\ModelLoader.h">
      <Filter>Header Files</Filter>
    </ClInclude>
    <ClInclude Include="include\OvRendering\Settings\ETextureFilteringMode.h">
      <Filter>Header Files</Filter>
    </ClInclude>
    <ClInclude Include="include\OvRendering\Core\ShapeDrawer.h">
      <Filter>Header Files</Filter>
    </ClInclude>
    <ClInclude Include="include\OvRendering\Buffers\Framebuffer.h">
      <Filter>Header Files</Filter>
    </ClInclude>
  </ItemGroup>
  <ItemGroup>
    <ClCompile Include="src\OvRendering\Context\Driver.cpp">
      <Filter>Source Files</Filter>
    </ClCompile>
    <ClCompile Include="src\OvRendering\Resources\Texture.cpp">
      <Filter>Source Files</Filter>
    </ClCompile>
    <ClCompile Include="src\OvRendering\Resources\Shader.cpp">
      <Filter>Source Files</Filter>
    </ClCompile>
    <ClCompile Include="src\OvRendering\LowRenderer\Camera.cpp">
      <Filter>Source Files</Filter>
    </ClCompile>
    <ClCompile Include="src\OvRendering\Core\Renderer.cpp">
      <Filter>Source Files</Filter>
    </ClCompile>
    <ClCompile Include="src\OvRendering\Buffers\VertexArray.cpp">
      <Filter>Source Files</Filter>
    </ClCompile>
    <ClCompile Include="src\OvRendering\Buffers\IndexBuffer.cpp">
      <Filter>Source Files</Filter>
    </ClCompile>
    <ClCompile Include="src\OvRendering\Resources\Mesh.cpp">
      <Filter>Source Files</Filter>
    </ClCompile>
    <ClCompile Include="src\OvRendering\Resources\Loaders\ShaderLoader.cpp">
      <Filter>Source Files</Filter>
    </ClCompile>
    <ClCompile Include="src\OvRendering\Resources\Loaders\TextureLoader.cpp">
      <Filter>Source Files</Filter>
    </ClCompile>
    <ClCompile Include="src\OvRendering\Resources\Parsers\AssimpParser.cpp">
      <Filter>Source Files</Filter>
    </ClCompile>
    <ClCompile Include="src\OvRendering\Buffers\UniformBuffer.cpp">
      <Filter>Source Files</Filter>
    </ClCompile>
    <ClCompile Include="src\OvRendering\Buffers\ShaderStorageBuffer.cpp">
      <Filter>Source Files</Filter>
    </ClCompile>
    <ClCompile Include="src\OvRendering\Entities\Light.cpp">
      <Filter>Source Files</Filter>
    </ClCompile>
    <ClCompile Include="src\OvRendering\Resources\Loaders\ModelLoader.cpp">
      <Filter>Source Files</Filter>
    </ClCompile>
    <ClCompile Include="src\OvRendering\Resources\Model.cpp">
      <Filter>Source Files</Filter>
    </ClCompile>
    <ClCompile Include="src\OvRendering\Core\ShapeDrawer.cpp">
      <Filter>Source Files</Filter>
    </ClCompile>
    <ClCompile Include="src\OvRendering\Buffers\Framebuffer.cpp">
      <Filter>Source Files</Filter>
    </ClCompile>
  </ItemGroup>
  <ItemGroup>
    <None Include="include\OvRendering\Buffers\UniformBuffer.inl">
      <Filter>Header Files</Filter>
    </None>
    <None Include="include\OvRendering\Buffers\ShaderStorageBuffer.inl">
      <Filter>Header Files</Filter>
    </None>
    <None Include="include\OvRendering\Buffers\VertexBuffer.inl">
      <Filter>Header Files</Filter>
    </None>
    <None Include="include\OvRendering\Buffers\VertexArray.inl">
      <Filter>Header Files</Filter>
    </None>
  </ItemGroup>
</Project>