<?xml version="1.0" encoding="utf-8"?>
<Project ToolsVersion="4.0" xmlns="http://schemas.microsoft.com/developer/msbuild/2003">
  <ItemGroup>
    <Filter Include="Source Files">
      <UniqueIdentifier>{4FC737F1-C7A5-4376-A066-2A32D752A2FF}</UniqueIdentifier>
      <Extensions>cpp;c;cc;cxx;def;odl;idl;hpj;bat;asm;asmx</Extensions>
    </Filter>
    <Filter Include="Header Files">
      <UniqueIdentifier>{93995380-89BD-4b04-88EB-625FBE52EBFB}</UniqueIdentifier>
      <Extensions>h;hh;hpp;hxx;hm;inl;inc;ipp;xsd</Extensions>
    </Filter>
    <Filter Include="Resource Files">
      <UniqueIdentifier>{67DA6AB6-F800-4c08-8B7A-83BB121AAD01}</UniqueIdentifier>
      <Extensions>rc;ico;cur;bmp;dlg;rc2;rct;bin;rgs;gif;jpg;jpeg;jpe;resx;tiff;tif;png;wav;mfcribbon-ms</Extensions>
    </Filter>
  </ItemGroup>
  <ItemGroup>
    <ClInclude Include="include\OvCore\API\Export.h">
      <Filter>Header Files</Filter>
    </ClInclude>
    <ClInclude Include="include\OvCore\ECS\Actor.h">
      <Filter>Header Files</Filter>
    </ClInclude>
    <ClInclude Include="include\OvCore\ECS\Components\AComponent.h">
      <Filter>Header Files</Filter>
    </ClInclude>
    <ClInclude Include="include\OvCore\SceneSystem\Scene.h">
      <Filter>Header Files</Filter>
    </ClInclude>
    <ClInclude Include="include\OvCore\ECS\Components\CTransform.h">
      <Filter>Header Files</Filter>
    </ClInclude>
    <ClInclude Include="include\OvCore\ECS\Components\CCamera.h">
      <Filter>Header Files</Filter>
    </ClInclude>
    <ClInclude Include="include\OvCore\ECS\Components\CDirectionalLight.h">
      <Filter>Header Files</Filter>
    </ClInclude>
    <ClInclude Include="include\OvCore\ECS\Components\CPointLight.h">
      <Filter>Header Files</Filter>
    </ClInclude>
    <ClInclude Include="include\OvCore\ECS\Components\CSpotLight.h">
      <Filter>Header Files</Filter>
    </ClInclude>
    <ClInclude Include="include\OvCore\SceneSystem\SceneManager.h">
      <Filter>Header Files</Filter>
    </ClInclude>
    <ClInclude Include="include\OvCore\ResourceManagement\AResourceManager.h">
      <Filter>Header Files</Filter>
    </ClInclude>
    <ClInclude Include="include\OvCore\ResourceManagement\TextureManager.h">
      <Filter>Header Files</Filter>
    </ClInclude>
    <ClInclude Include="include\OvCore\Global\ServiceLocator.h">
      <Filter>Header Files</Filter>
    </ClInclude>
    <ClInclude Include="include\OvCore\ResourceManagement\ShaderManager.h">
      <Filter>Header Files</Filter>
    </ClInclude>
    <ClInclude Include="include\OvCore\API\ISerializable.h">
      <Filter>Header Files</Filter>
    </ClInclude>
    <ClInclude Include="include\OvCore\API\IInspectorItem.h">
      <Filter>Header Files</Filter>
    </ClInclude>
    <ClInclude Include="include\OvCore\Helpers\Serializer.h">
      <Filter>Header Files</Filter>
    </ClInclude>
    <ClInclude Include="include\OvCore\Helpers\GUIDrawer.h">
      <Filter>Header Files</Filter>
    </ClInclude>
    <ClInclude Include="include\OvCore\Scripting\ScriptInterpreter.h">
      <Filter>Header Files</Filter>
    </ClInclude>
    <ClInclude Include="include\OvCore\Scripting\LuaBinder.h">
      <Filter>Header Files</Filter>
    </ClInclude>
    <ClInclude Include="include\OvCore\Resources\Material.h">
      <Filter>Header Files</Filter>
    </ClInclude>
    <ClInclude Include="include\OvCore\ResourceManagement\MaterialManager.h">
      <Filter>Header Files</Filter>
    </ClInclude>
    <ClInclude Include="include\OvCore\ECS\Components\CPhysicalObject.h">
      <Filter>Header Files</Filter>
    </ClInclude>
    <ClInclude Include="include\OvCore\ECS\Components\CPhysicalBox.h">
      <Filter>Header Files</Filter>
    </ClInclude>
    <ClInclude Include="include\OvCore\ECS\Components\CPhysicalSphere.h">
      <Filter>Header Files</Filter>
    </ClInclude>
    <ClInclude Include="include\OvCore\ECS\Components\CPhysicalCapsule.h">
      <Filter>Header Files</Filter>
    </ClInclude>
    <ClInclude Include="include\OvCore\ECS\PhysicsWrapper.h">
      <Filter>Header Files</Filter>
    </ClInclude>
    <ClInclude Include="include\OvCore\ECS\Components\CAudioSource.h">
      <Filter>Header Files</Filter>
    </ClInclude>
    <ClInclude Include="include\OvCore\ECS\Components\CAudioListener.h">
      <Filter>Header Files</Filter>
    </ClInclude>
    <ClInclude Include="include\OvCore\ECS\Components\CMaterialRenderer.h">
      <Filter>Header Files</Filter>
    </ClInclude>
    <ClInclude Include="include\OvCore\ECS\Renderer.h">
      <Filter>Header Files</Filter>
    </ClInclude>
    <ClInclude Include="include\OvCore\ECS\Components\CAmbientBoxLight.h">
      <Filter>Header Files</Filter>
    </ClInclude>
    <ClInclude Include="include\OvCore\ECS\Components\CAmbientSphereLight.h">
      <Filter>Header Files</Filter>
    </ClInclude>
    <ClInclude Include="include\OvCore\Scripting\LuaMathsBinder.h">
      <Filter>Header Files</Filter>
    </ClInclude>
    <ClInclude Include="include\OvCore\Scripting\LuaActorBinder.h">
      <Filter>Header Files</Filter>
    </ClInclude>
    <ClInclude Include="include\OvCore\Scripting\LuaComponentBinder.h">
      <Filter>Header Files</Filter>
    </ClInclude>
    <ClInclude Include="include\OvCore\Scripting\LuaGlobalsBinder.h">
      <Filter>Header Files</Filter>
    </ClInclude>
    <ClInclude Include="include\OvCore\ECS\Components\Behaviour.h">
      <Filter>Header Files</Filter>
    </ClInclude>
    <ClInclude Include="include\OvCore\Resources\Loaders\MaterialLoader.h">
      <Filter>Header Files</Filter>
    </ClInclude>
    <ClInclude Include="include\OvCore\ResourceManagement\SoundManager.h">
      <Filter>Header Files</Filter>
    </ClInclude>
    <ClInclude Include="include\OvCore\ResourceManagement\ModelManager.h">
      <Filter>Header Files</Filter>
    </ClInclude>
    <ClInclude Include="include\OvCore\ECS\Components\CModelRenderer.h">
      <Filter>Header Files</Filter>
    </ClInclude>
    <ClInclude Include="include\OvCore\ECS\Components\CLight.h">
      <Filter>Header Files</Filter>
    </ClInclude>
  </ItemGroup>
  <ItemGroup>
    <ClCompile Include="src\OvCore\ECS\Components\AComponent.cpp">
      <Filter>Source Files</Filter>
    </ClCompile>
    <ClCompile Include="src\OvCore\ECS\Actor.cpp">
      <Filter>Source Files</Filter>
    </ClCompile>
    <ClCompile Include="src\OvCore\SceneSystem\Scene.cpp">
      <Filter>Source Files</Filter>
    </ClCompile>
    <ClCompile Include="src\OvCore\ECS\Components\CTransform.cpp">
      <Filter>Source Files</Filter>
    </ClCompile>
    <ClCompile Include="src\OvCore\ECS\Components\CCamera.cpp">
      <Filter>Source Files</Filter>
    </ClCompile>
    <ClCompile Include="src\OvCore\SceneSystem\SceneManager.cpp">
      <Filter>Source Files</Filter>
    </ClCompile>
    <ClCompile Include="src\OvCore\ResourceManagement\TextureManager.cpp">
      <Filter>Source Files</Filter>
    </ClCompile>
    <ClCompile Include="src\OvCore\ResourceManagement\ShaderManager.cpp">
      <Filter>Source Files</Filter>
    </ClCompile>
    <ClCompile Include="src\OvCore\ECS\Components\CDirectionalLight.cpp">
      <Filter>Source Files</Filter>
    </ClCompile>
    <ClCompile Include="src\OvCore\ECS\Components\CPointLight.cpp">
      <Filter>Source Files</Filter>
    </ClCompile>
    <ClCompile Include="src\OvCore\ECS\Components\CSpotLight.cpp">
      <Filter>Source Files</Filter>
    </ClCompile>
    <ClCompile Include="src\OvCore\Helpers\Serializer.cpp">
      <Filter>Source Files</Filter>
    </ClCompile>
    <ClCompile Include="src\OvCore\Helpers\GUIDrawer.cpp">
      <Filter>Source Files</Filter>
    </ClCompile>
    <ClCompile Include="src\OvCore\Scripting\ScriptInterpreter.cpp">
      <Filter>Source Files</Filter>
    </ClCompile>
    <ClCompile Include="src\OvCore\Scripting\LuaBinder.cpp">
      <Filter>Source Files</Filter>
    </ClCompile>
    <ClCompile Include="src\OvCore\ECS\Components\CPhysicalObject.cpp">
      <Filter>Source Files</Filter>
    </ClCompile>
    <ClCompile Include="src\OvCore\ECS\Components\CPhysicalBox.cpp">
      <Filter>Source Files</Filter>
    </ClCompile>
    <ClCompile Include="src\OvCore\ECS\Components\CPhysicalSphere.cpp">
      <Filter>Source Files</Filter>
    </ClCompile>
    <ClCompile Include="src\OvCore\ECS\Components\CPhysicalCapsule.cpp">
      <Filter>Source Files</Filter>
    </ClCompile>
    <ClCompile Include="src\OvCore\ECS\PhysicsWrapper.cpp">
      <Filter>Source Files</Filter>
    </ClCompile>
    <ClCompile Include="src\OvCore\Resources\Material.cpp">
      <Filter>Source Files</Filter>
    </ClCompile>
    <ClCompile Include="src\OvCore\ResourceManagement\MaterialManager.cpp">
      <Filter>Source Files</Filter>
    </ClCompile>
    <ClCompile Include="src\OvCore\ECS\Components\CAudioSource.cpp">
      <Filter>Source Files</Filter>
    </ClCompile>
    <ClCompile Include="src\OvCore\ECS\Components\CAudioListener.cpp">
      <Filter>Source Files</Filter>
    </ClCompile>
    <ClCompile Include="src\OvCore\ECS\Components\CMaterialRenderer.cpp">
      <Filter>Source Files</Filter>
    </ClCompile>
    <ClCompile Include="src\OvCore\ECS\Renderer.cpp">
      <Filter>Source Files</Filter>
    </ClCompile>
    <ClCompile Include="src\OvCore\ECS\Components\CAmbientBoxLight.cpp">
      <Filter>Source Files</Filter>
    </ClCompile>
    <ClCompile Include="src\OvCore\ECS\Components\CAmbientSphereLight.cpp">
      <Filter>Source Files</Filter>
    </ClCompile>
    <ClCompile Include="src\OvCore\Scripting\LuaMathsBinder.cpp">
      <Filter>Source Files</Filter>
    </ClCompile>
    <ClCompile Include="src\OvCore\Scripting\LuaActorBinder.cpp">
      <Filter>Source Files</Filter>
    </ClCompile>
    <ClCompile Include="src\OvCore\Scripting\LuaComponentBinder.cpp">
      <Filter>Source Files</Filter>
    </ClCompile>
    <ClCompile Include="src\OvCore\Scripting\LuaGlobalsBinder.cpp">
      <Filter>Source Files</Filter>
    </ClCompile>
    <ClCompile Include="src\OvCore\ECS\Components\Behaviour.cpp">
      <Filter>Source Files</Filter>
    </ClCompile>
    <ClCompile Include="src\OvCore\Resources\Loaders\MaterialLoader.cpp">
      <Filter>Source Files</Filter>
    </ClCompile>
    <ClCompile Include="src\OvCore\ResourceManagement\SoundManager.cpp">
      <Filter>Source Files</Filter>
    </ClCompile>
    <ClCompile Include="src\OvCore\ResourceManagement\ModelManager.cpp">
      <Filter>Source Files</Filter>
    </ClCompile>
    <ClCompile Include="src\OvCore\ECS\Components\CModelRenderer.cpp">
      <Filter>Source Files</Filter>
    </ClCompile>
    <ClCompile Include="src\OvCore\ECS\Components\CLight.cpp">
      <Filter>Source Files</Filter>
    </ClCompile>
  </ItemGroup>
  <ItemGroup>
    <None Include="include\OvCore\ECS\Actor.inl">
      <Filter>Header Files</Filter>
    </None>
    <None Include="include\OvCore\ResourceManagement\AResourceManager.inl">
      <Filter>Header Files</Filter>
    </None>
    <None Include="include\OvCore\Helpers\GUIDrawer.inl">
      <Filter>Header Files</Filter>
    </None>
    <None Include="include\OvCore\Resources\Material.inl">
      <Filter>Header Files</Filter>
    </None>
    <None Include="include\OvCore\ECS\Components\Behaviour.inl">
      <Filter>Header Files</Filter>
    </None>
    <None Include="include\OvCore\Global\ServiceLocator.inl">
      <Filter>Header Files</Filter>
    </None>
  </ItemGroup>
</Project>