<?xml version="1.0" encoding="utf-8"?>
<Project ToolsVersion="4.0" xmlns="http://schemas.microsoft.com/developer/msbuild/2003">
  <ItemGroup>
    <Filter Include="Source Files">
      <UniqueIdentifier>{4FC737F1-C7A5-4376-A066-2A32D752A2FF}</UniqueIdentifier>
      <Extensions>cpp;c;cc;cxx;def;odl;idl;hpj;bat;asm;asmx</Extensions>
    </Filter>
    <Filter Include="Header Files">
      <UniqueIdentifier>{93995380-89BD-4b04-88EB-625FBE52EBFB}</UniqueIdentifier>
      <Extensions>h;hh;hpp;hxx;hm;inl;inc;ipp;xsd</Extensions>
    </Filter>
    <Filter Include="Resource Files">
      <UniqueIdentifier>{67DA6AB6-F800-4c08-8B7A-83BB121AAD01}</UniqueIdentifier>
      <Extensions>rc;ico;cur;bmp;dlg;rc2;rct;bin;rgs;gif;jpg;jpeg;jpe;resx;tiff;tif;png;wav;mfcribbon-ms</Extensions>
    </Filter>
  </ItemGroup>
  <ItemGroup>
    <ClInclude Include="include\OvUI\ImGui\imconfig.h">
      <Filter>Header Files</Filter>
    </ClInclude>
    <ClInclude Include="include\OvUI\ImGui\imgui.h">
      <Filter>Header Files</Filter>
    </ClInclude>
    <ClInclude Include="include\OvUI\ImGui\imgui_impl_glfw.h">
      <Filter>Header Files</Filter>
    </ClInclude>
    <ClInclude Include="include\OvUI\ImGui\imgui_impl_opengl3.h">
      <Filter>Header Files</Filter>
    </ClInclude>
    <ClInclude Include="include\OvUI\ImGui\imgui_internal.h">
      <Filter>Header Files</Filter>
    </ClInclude>
    <ClInclude Include="include\OvUI\ImGui\imstb_rectpack.h">
      <Filter>Header Files</Filter>
    </ClInclude>
    <ClInclude Include="include\OvUI\ImGui\imstb_textedit.h">
      <Filter>Header Files</Filter>
    </ClInclude>
    <ClInclude Include="include\OvUI\ImGui\imstb_truetype.h">
      <Filter>Header Files</Filter>
    </ClInclude>
    <ClInclude Include="include\OvUI\Core\UIManager.h">
      <Filter>Header Files</Filter>
    </ClInclude>
    <ClInclude Include="include\OvUI\Widgets\AWidget.h">
      <Filter>Header Files</Filter>
    </ClInclude>
    <ClInclude Include="include\OvUI\Modules\Canvas.h">
      <Filter>Header Files</Filter>
    </ClInclude>
    <ClInclude Include="include\OvUI\API\IDrawable.h">
      <Filter>Header Files</Filter>
    </ClInclude>
    <ClInclude Include="include\OvUI\Widgets\Buttons\AButton.h">
      <Filter>Header Files</Filter>
    </ClInclude>
    <ClInclude Include="include\OvUI\Widgets\Buttons\Button.h">
      <Filter>Header Files</Filter>
    </ClInclude>
    <ClInclude Include="include\OvUI\Widgets\Menu\MenuItem.h">
      <Filter>Header Files</Filter>
    </ClInclude>
    <ClInclude Include="include\OvUI\Widgets\Menu\MenuList.h">
      <Filter>Header Files</Filter>
    </ClInclude>
    <ClInclude Include="include\OvUI\Widgets\Sliders\SliderDouble.h">
      <Filter>Header Files</Filter>
    </ClInclude>
    <ClInclude Include="include\OvUI\Widgets\Sliders\SliderFloat.h">
      <Filter>Header Files</Filter>
    </ClInclude>
    <ClInclude Include="include\OvUI\Widgets\Sliders\SliderInt.h">
      <Filter>Header Files</Filter>
    </ClInclude>
    <ClInclude Include="include\OvUI\Widgets\Sliders\SliderMultipleDoubles.h">
      <Filter>Header Files</Filter>
    </ClInclude>
    <ClInclude Include="include\OvUI\Widgets\Sliders\SliderMultipleFloats.h">
      <Filter>Header Files</Filter>
    </ClInclude>
    <ClInclude Include="include\OvUI\Widgets\Sliders\SliderMultipleInts.h">
      <Filter>Header Files</Filter>
    </ClInclude>
    <ClInclude Include="include\OvUI\Widgets\Sliders\SliderMultipleScalars.h">
      <Filter>Header Files</Filter>
    </ClInclude>
    <ClInclude Include="include\OvUI\Widgets\Sliders\SliderSingleScalar.h">
      <Filter>Header Files</Filter>
    </ClInclude>
    <ClInclude Include="include\OvUI\Widgets\Layout\Dummy.h">
      <Filter>Header Files</Filter>
    </ClInclude>
    <ClInclude Include="include\OvUI\Widgets\Layout\NewLine.h">
      <Filter>Header Files</Filter>
    </ClInclude>
    <ClInclude Include="include\OvUI\Widgets\Layout\Spacing.h">
      <Filter>Header Files</Filter>
    </ClInclude>
    <ClInclude Include="include\OvUI\Widgets\Selection\CheckBox.h">
      <Filter>Header Files</Filter>
    </ClInclude>
    <ClInclude Include="include\OvUI\Widgets\Selection\ComboBox.h">
      <Filter>Header Files</Filter>
    </ClInclude>
    <ClInclude Include="include\OvUI\Widgets\Selection\RadioButton.h">
      <Filter>Header Files</Filter>
    </ClInclude>
    <ClInclude Include="include\OvUI\Widgets\Visual\ProgressBar.h">
      <Filter>Header Files</Filter>
    </ClInclude>
    <ClInclude Include="include\OvUI\Widgets\InputFields\InputDouble.h">
      <Filter>Header Files</Filter>
    </ClInclude>
    <ClInclude Include="include\OvUI\Widgets\InputFields\InputFloat.h">
      <Filter>Header Files</Filter>
    </ClInclude>
    <ClInclude Include="include\OvUI\Widgets\InputFields\InputInt.h">
      <Filter>Header Files</Filter>
    </ClInclude>
    <ClInclude Include="include\OvUI\Widgets\InputFields\InputMultipleDoubles.h">
      <Filter>Header Files</Filter>
    </ClInclude>
    <ClInclude Include="include\OvUI\Widgets\InputFields\InputMultipleFloats.h">
      <Filter>Header Files</Filter>
    </ClInclude>
    <ClInclude Include="include\OvUI\Widgets\InputFields\InputMultipleInts.h">
      <Filter>Header Files</Filter>
    </ClInclude>
    <ClInclude Include="include\OvUI\Widgets\InputFields\InputMultipleScalars.h">
      <Filter>Header Files</Filter>
    </ClInclude>
    <ClInclude Include="include\OvUI\Widgets\InputFields\InputSingleScalar.h">
      <Filter>Header Files</Filter>
    </ClInclude>
    <ClInclude Include="include\OvUI\Widgets\InputFields\InputText.h">
      <Filter>Header Files</Filter>
    </ClInclude>
    <ClInclude Include="include\OvUI\Widgets\Sliders\ESliderOrientation.h">
      <Filter>Header Files</Filter>
    </ClInclude>
    <ClInclude Include="include\OvUI\Widgets\Visual\Bullet.h">
      <Filter>Header Files</Filter>
    </ClInclude>
    <ClInclude Include="include\OvUI\Widgets\Visual\Separator.h">
      <Filter>Header Files</Filter>
    </ClInclude>
    <ClInclude Include="include\OvUI\Widgets\Layout\Group.h">
      <Filter>Header Files</Filter>
    </ClInclude>
    <ClInclude Include="include\OvUI\Widgets\Selection\RadioButtonLinker.h">
      <Filter>Header Files</Filter>
    </ClInclude>
    <ClInclude Include="include\OvUI\Widgets\Layout\GroupCollapsable.h">
      <Filter>Header Files</Filter>
    </ClInclude>
    <ClInclude Include="include\OvUI\Widgets\Layout\TreeNode.h">
      <Filter>Header Files</Filter>
    </ClInclude>
    <ClInclude Include="include\OvUI\Widgets\Plots\APlot.h">
      <Filter>Header Files</Filter>
    </ClInclude>
    <ClInclude Include="include\OvUI\Widgets\Plots\PlotLines.h">
      <Filter>Header Files</Filter>
    </ClInclude>
    <ClInclude Include="include\OvUI\Widgets\Plots\PlotHistogram.h">
      <Filter>Header Files</Filter>
    </ClInclude>
    <ClInclude Include="include\OvUI\Widgets\Drags\DragSingleScalar.h">
      <Filter>Header Files</Filter>
    </ClInclude>
    <ClInclude Include="include\OvUI\Widgets\Drags\DragMultipleScalars.h">
      <Filter>Header Files</Filter>
    </ClInclude>
    <ClInclude Include="include\OvUI\Widgets\Drags\DragInt.h">
      <Filter>Header Files</Filter>
    </ClInclude>
    <ClInclude Include="include\OvUI\Widgets\Drags\DragFloat.h">
      <Filter>Header Files</Filter>
    </ClInclude>
    <ClInclude Include="include\OvUI\Widgets\Drags\DragDouble.h">
      <Filter>Header Files</Filter>
    </ClInclude>
    <ClInclude Include="include\OvUI\Widgets\Drags\DragMultipleDoubles.h">
      <Filter>Header Files</Filter>
    </ClInclude>
    <ClInclude Include="include\OvUI\Widgets\Drags\DragMultipleFloats.h">
      <Filter>Header Files</Filter>
    </ClInclude>
    <ClInclude Include="include\OvUI\Widgets\Drags\DragMultipleInts.h">
      <Filter>Header Files</Filter>
    </ClInclude>
    <ClInclude Include="include\OvUI\Settings\Alignment.h">
      <Filter>Header Files</Filter>
    </ClInclude>
    <ClInclude Include="include\OvUI\Panels\APanelTransformable.h">
      <Filter>Header Files</Filter>
    </ClInclude>
    <ClInclude Include="include\OvUI\Panels\PanelMenuBar.h">
      <Filter>Header Files</Filter>
    </ClInclude>
    <ClInclude Include="include\OvUI\Panels\PanelUndecorated.h">
      <Filter>Header Files</Filter>
    </ClInclude>
    <ClInclude Include="include\OvUI\Panels\PanelWindow.h">
      <Filter>Header Files</Filter>
    </ClInclude>
    <ClInclude Include="include\OvUI\Panels\APanel.h">
      <Filter>Header Files</Filter>
    </ClInclude>
    <ClInclude Include="include\OvUI\Settings\PanelWindowSettings.h">
      <Filter>Header Files</Filter>
    </ClInclude>
    <ClInclude Include="include\OvUI\Styling\EStyle.h">
      <Filter>Header Files</Filter>
    </ClInclude>
    <ClInclude Include="include\OvUI\Widgets\Texts\Text.h">
      <Filter>Header Files</Filter>
    </ClInclude>
    <ClInclude Include="include\OvUI\Widgets\Texts\TextColored.h">
      <Filter>Header Files</Filter>
    </ClInclude>
    <ClInclude Include="include\OvUI\Widgets\Texts\TextDisabled.h">
      <Filter>Header Files</Filter>
    </ClInclude>
    <ClInclude Include="include\OvUI\Widgets\Texts\TextLabelled.h">
      <Filter>Header Files</Filter>
    </ClInclude>
    <ClInclude Include="include\OvUI\Widgets\Texts\TextSelectable.h">
      <Filter>Header Files</Filter>
    </ClInclude>
    <ClInclude Include="include\OvUI\Widgets\Texts\TextWrapped.h">
      <Filter>Header Files</Filter>
    </ClInclude>
    <ClInclude Include="include\OvUI\Widgets\Visual\Image.h">
      <Filter>Header Files</Filter>
    </ClInclude>
    <ClInclude Include="include\OvUI\Internal\TextureID.h">
      <Filter>Header Files</Filter>
    </ClInclude>
    <ClInclude Include="include\OvUI\Widgets\Buttons\ButtonImage.h">
      <Filter>Header Files</Filter>
    </ClInclude>
    <ClInclude Include="include\OvUI\Widgets\Buttons\ButtonArrow.h">
      <Filter>Header Files</Filter>
    </ClInclude>
    <ClInclude Include="include\OvUI\Widgets\Buttons\ButtonSmall.h">
      <Filter>Header Files</Filter>
    </ClInclude>
    <ClInclude Include="include\OvUI\Widgets\Buttons\ButtonColored.h">
      <Filter>Header Files</Filter>
    </ClInclude>
    <ClInclude Include="include\OvUI\Widgets\Selection\ColorPicker.h">
      <Filter>Header Files</Filter>
    </ClInclude>
    <ClInclude Include="include\OvUI\Types\Color.h">
      <Filter>Header Files</Filter>
    </ClInclude>
    <ClInclude Include="include\OvUI\Internal\Converter.h">
      <Filter>Header Files</Filter>
    </ClInclude>
    <ClInclude Include="include\OvUI\Widgets\Selection\ColorEdit.h">
      <Filter>Header Files</Filter>
    </ClInclude>
    <ClInclude Include="include\OvUI\Internal\EMemoryMode.h">
      <Filter>Header Files</Filter>
    </ClInclude>
    <ClInclude Include="include\OvUI\Internal\WidgetContainer.h">
      <Filter>Header Files</Filter>
    </ClInclude>
    <ClInclude Include="include\OvUI\Widgets\Texts\TextClickable.h">
      <Filter>Header Files</Filter>
    </ClInclude>
    <ClInclude Include="include\OvUI\Plugins\IPlugin.h">
      <Filter>Header Files</Filter>
    </ClInclude>
    <ClInclude Include="include\OvUI\Plugins\Pluginable.h">
      <Filter>Header Files</Filter>
    </ClInclude>
    <ClInclude Include="include\OvUI\Plugins\DDSource.h">
      <Filter>Header Files</Filter>
    </ClInclude>
    <ClInclude Include="include\OvUI\Plugins\DDTarget.h">
      <Filter>Header Files</Filter>
    </ClInclude>
    <ClInclude Include="include\OvUI\Widgets\Layout\Columns.h">
      <Filter>Header Files</Filter>
    </ClInclude>
    <ClInclude Include="include\OvUI\Plugins\ContextualMenu.h">
      <Filter>Header Files</Filter>
    </ClInclude>
    <ClInclude Include="include\OvUI\Plugins\DataDispatcher.h">
      <Filter>Header Files</Filter>
    </ClInclude>
    <ClInclude Include="include\OvUI\Widgets\DataWidget.h">
      <Filter>Header Files</Filter>
    </ClInclude>
  </ItemGroup>
  <ItemGroup>
    <ClCompile Include="src\OvUI\ImGui\imgui.cpp">
      <Filter>Source Files</Filter>
    </ClCompile>
    <ClCompile Include="src\OvUI\ImGui\imgui_demo.cpp">
      <Filter>Source Files</Filter>
    </ClCompile>
    <ClCompile Include="src\OvUI\ImGui\imgui_draw.cpp">
      <Filter>Source Files</Filter>
    </ClCompile>
    <ClCompile Include="src\OvUI\ImGui\imgui_impl_glfw.cpp">
      <Filter>Source Files</Filter>
    </ClCompile>
    <ClCompile Include="src\OvUI\ImGui\imgui_impl_opengl3.cpp">
      <Filter>Source Files</Filter>
    </ClCompile>
    <ClCompile Include="src\OvUI\ImGui\imgui_widgets.cpp">
      <Filter>Source Files</Filter>
    </ClCompile>
    <ClCompile Include="src\OvUI\Core\UIManager.cpp">
      <Filter>Source Files</Filter>
    </ClCompile>
    <ClCompile Include="src\OvUI\Widgets\AWidget.cpp">
      <Filter>Source Files</Filter>
    </ClCompile>
    <ClCompile Include="src\OvUI\Modules\Canvas.cpp">
      <Filter>Source Files</Filter>
    </ClCompile>
    <ClCompile Include="src\OvUI\Widgets\Buttons\Button.cpp">
      <Filter>Source Files</Filter>
    </ClCompile>
    <ClCompile Include="src\OvUI\Widgets\Sliders\SliderDouble.cpp">
      <Filter>Source Files</Filter>
    </ClCompile>
    <ClCompile Include="src\OvUI\Widgets\Sliders\SliderFloat.cpp">
      <Filter>Source Files</Filter>
    </ClCompile>
    <ClCompile Include="src\OvUI\Widgets\Sliders\SliderInt.cpp">
      <Filter>Source Files</Filter>
    </ClCompile>
    <ClCompile Include="src\OvUI\Widgets\Menu\MenuList.cpp">
      <Filter>Source Files</Filter>
    </ClCompile>
    <ClCompile Include="src\OvUI\Widgets\Menu\MenuItem.cpp">
      <Filter>Source Files</Filter>
    </ClCompile>
    <ClCompile Include="src\OvUI\Widgets\Layout\Dummy.cpp">
      <Filter>Source Files</Filter>
    </ClCompile>
    <ClCompile Include="src\OvUI\Widgets\Layout\Spacing.cpp">
      <Filter>Source Files</Filter>
    </ClCompile>
    <ClCompile Include="src\OvUI\Widgets\Layout\NewLine.cpp">
      <Filter>Source Files</Filter>
    </ClCompile>
    <ClCompile Include="src\OvUI\Widgets\Selection\ComboBox.cpp">
      <Filter>Source Files</Filter>
    </ClCompile>
    <ClCompile Include="src\OvUI\Widgets\Selection\CheckBox.cpp">
      <Filter>Source Files</Filter>
    </ClCompile>
    <ClCompile Include="src\OvUI\Widgets\Selection\RadioButton.cpp">
      <Filter>Source Files</Filter>
    </ClCompile>
    <ClCompile Include="src\OvUI\Widgets\Visual\ProgressBar.cpp">
      <Filter>Source Files</Filter>
    </ClCompile>
    <ClCompile Include="src\OvUI\Widgets\InputFields\InputDouble.cpp">
      <Filter>Source Files</Filter>
    </ClCompile>
    <ClCompile Include="src\OvUI\Widgets\InputFields\InputFloat.cpp">
      <Filter>Source Files</Filter>
    </ClCompile>
    <ClCompile Include="src\OvUI\Widgets\InputFields\InputInt.cpp">
      <Filter>Source Files</Filter>
    </ClCompile>
    <ClCompile Include="src\OvUI\Widgets\InputFields\InputText.cpp">
      <Filter>Source Files</Filter>
    </ClCompile>
    <ClCompile Include="src\OvUI\Widgets\Visual\Bullet.cpp">
      <Filter>Source Files</Filter>
    </ClCompile>
    <ClCompile Include="src\OvUI\Widgets\Visual\Separator.cpp">
      <Filter>Source Files</Filter>
    </ClCompile>
    <ClCompile Include="src\OvUI\Widgets\Layout\Group.cpp">
      <Filter>Source Files</Filter>
    </ClCompile>
    <ClCompile Include="src\OvUI\Widgets\Selection\RadioButtonLinker.cpp">
      <Filter>Source Files</Filter>
    </ClCompile>
    <ClCompile Include="src\OvUI\Widgets\Layout\GroupCollapsable.cpp">
      <Filter>Source Files</Filter>
    </ClCompile>
    <ClCompile Include="src\OvUI\Widgets\Layout\TreeNode.cpp">
      <Filter>Source Files</Filter>
    </ClCompile>
    <ClCompile Include="src\OvUI\Widgets\Plots\APlot.cpp">
      <Filter>Source Files</Filter>
    </ClCompile>
    <ClCompile Include="src\OvUI\Widgets\Plots\PlotLines.cpp">
      <Filter>Source Files</Filter>
    </ClCompile>
    <ClCompile Include="src\OvUI\Widgets\Plots\PlotHistogram.cpp">
      <Filter>Source Files</Filter>
    </ClCompile>
    <ClCompile Include="src\OvUI\Widgets\Drags\DragInt.cpp">
      <Filter>Source Files</Filter>
    </ClCompile>
    <ClCompile Include="src\OvUI\Widgets\Drags\DragFloat.cpp">
      <Filter>Source Files</Filter>
    </ClCompile>
    <ClCompile Include="src\OvUI\Widgets\Drags\DragDouble.cpp">
      <Filter>Source Files</Filter>
    </ClCompile>
    <ClCompile Include="src\OvUI\Panels\APanel.cpp">
      <Filter>Source Files</Filter>
    </ClCompile>
    <ClCompile Include="src\OvUI\Panels\APanelTransformable.cpp">
      <Filter>Source Files</Filter>
    </ClCompile>
    <ClCompile Include="src\OvUI\Panels\PanelMenuBar.cpp">
      <Filter>Source Files</Filter>
    </ClCompile>
    <ClCompile Include="src\OvUI\Panels\PanelWindow.cpp">
      <Filter>Source Files</Filter>
    </ClCompile>
    <ClCompile Include="src\OvUI\Panels\PanelUndecorated.cpp">
      <Filter>Source Files</Filter>
    </ClCompile>
    <ClCompile Include="src\OvUI\Widgets\Texts\Text.cpp">
      <Filter>Source Files</Filter>
    </ClCompile>
    <ClCompile Include="src\OvUI\Widgets\Texts\TextColored.cpp">
      <Filter>Source Files</Filter>
    </ClCompile>
    <ClCompile Include="src\OvUI\Widgets\Texts\TextDisabled.cpp">
      <Filter>Source Files</Filter>
    </ClCompile>
    <ClCompile Include="src\OvUI\Widgets\Texts\TextLabelled.cpp">
      <Filter>Source Files</Filter>
    </ClCompile>
    <ClCompile Include="src\OvUI\Widgets\Texts\TextSelectable.cpp">
      <Filter>Source Files</Filter>
    </ClCompile>
    <ClCompile Include="src\OvUI\Widgets\Texts\TextWrapped.cpp">
      <Filter>Source Files</Filter>
    </ClCompile>
    <ClCompile Include="src\OvUI\Widgets\Visual\Image.cpp">
      <Filter>Source Files</Filter>
    </ClCompile>
    <ClCompile Include="src\OvUI\Widgets\Buttons\ButtonImage.cpp">
      <Filter>Source Files</Filter>
    </ClCompile>
    <ClCompile Include="src\OvUI\Widgets\Buttons\ButtonSmall.cpp">
      <Filter>Source Files</Filter>
    </ClCompile>
    <ClCompile Include="src\OvUI\Widgets\Buttons\ButtonArrow.cpp">
      <Filter>Source Files</Filter>
    </ClCompile>
    <ClCompile Include="src\OvUI\Widgets\Buttons\ButtonColored.cpp">
      <Filter>Source Files</Filter>
    </ClCompile>
    <ClCompile Include="src\OvUI\Widgets\Selection\ColorPicker.cpp">
      <Filter>Source Files</Filter>
    </ClCompile>
    <ClCompile Include="src\OvUI\Types\Color.cpp">
      <Filter>Source Files</Filter>
    </ClCompile>
    <ClCompile Include="src\OvUI\Internal\Converter.cpp">
      <Filter>Source Files</Filter>
    </ClCompile>
    <ClCompile Include="src\OvUI\Widgets\Selection\ColorEdit.cpp">
      <Filter>Source Files</Filter>
    </ClCompile>
    <ClCompile Include="src\OvUI\Internal\WidgetContainer.cpp">
      <Filter>Source Files</Filter>
    </ClCompile>
    <ClCompile Include="src\OvUI\Widgets\Texts\TextClickable.cpp">
      <Filter>Source Files</Filter>
    </ClCompile>
    <ClCompile Include="src\OvUI\Plugins\ContextualMenu.cpp">
      <Filter>Source Files</Filter>
    </ClCompile>
  </ItemGroup>
</Project>