
Microsoft Visual Studio Solution File, Format Version 12.00
# Visual Studio 15
VisualStudioVersion = 15.0.28010.2026
MinimumVisualStudioVersion = 10.0.40219.1
Project("{8BC9CEB8-8B4A-11D0-8D11-00A0C91BC942}") = "OvEditor", "OvEditor\OvEditor.vcxproj", "{7EBB8C83-AB76-40FA-9F8F-8C2398AA3F7F}"
	ProjectSection(ProjectDependencies) = postProject
		{C1D2EBB7-EE2A-4D42-858B-F14F5A47B867} = {C1D2EBB7-EE2A-4D42-858B-F14F5A47B867}
		{C9CFF0F8-3CA5-424E-A41D-110158096532} = {C9CFF0F8-3CA5-424E-A41D-110158096532}
	EndProjectSection
EndProject
Project("{8BC9CEB8-8B4A-11D0-8D11-00A0C91BC942}") = "OvAnalytics", "OvAnalytics\OvAnalytics.vcxproj", "{45BFDD00-877F-42ED-A0E4-92E56F7D3C0E}"
EndProject
Project("{8BC9CEB8-8B4A-11D0-8D11-00A0C91BC942}") = "OvMaths", "OvMaths\OvMaths.vcxproj", "{4186CB5D-5E99-43FB-8562-42E8F24AC436}"
EndProject
Project("{8BC9CEB8-8B4A-11D0-8D11-00A0C91BC942}") = "OvCore", "OvCore\OvCore.vcxproj", "{C1D2EBB7-EE2A-4D42-858B-F14F5A47B867}"
	ProjectSection(ProjectDependencies) = postProject
		{45BFDD00-877F-42ED-A0E4-92E56F7D3C0E} = {45BFDD00-877F-42ED-A0E4-92E56F7D3C0E}
		{4186CB5D-5E99-43FB-8562-42E8F24AC436} = {4186CB5D-5E99-43FB-8562-42E8F24AC436}
		{A5ADA180-BA29-4EC8-ACFD-7DCBFD065967} = {A5ADA180-BA29-4EC8-ACFD-7DCBFD065967}
		{9DE77393-CCFB-4085-986C-5D37E2B5B54B} = {9DE77393-CCFB-4085-986C-5D37E2B5B54B}
		{03A0CA9A-2BB6-4284-8D8E-F6F0F9E6DD32} = {03A0CA9A-2BB6-4284-8D8E-F6F0F9E6DD32}
		{677CDBA0-43A9-4A7C-9A7C-3C38C73D1D50} = {677CDBA0-43A9-4A7C-9A7C-3C38C73D1D50}
		{8A618DBA-F8C9-42BF-B94F-29249E677EC9} = {8A618DBA-F8C9-42BF-B94F-29249E677EC9}
		{E76098C7-D1C1-430E-A7B2-527CF45BD853} = {E76098C7-D1C1-430E-A7B2-527CF45BD853}
		{54A2B9EB-6984-49C8-A080-481504343A19} = {54A2B9EB-6984-49C8-A080-481504343A19}
	EndProjectSection
EndProject
Project("{8BC9CEB8-8B4A-11D0-8D11-00A0C91BC942}") = "OvTools", "OvTools\OvTools.vcxproj", "{8A618DBA-F8C9-42BF-B94F-29249E677EC9}"
EndProject
Project("{8BC9CEB8-8B4A-11D0-8D11-00A0C91BC942}") = "OvDebug", "OvDebug\OvDebug.vcxproj", "{03A0CA9A-2BB6-4284-8D8E-F6F0F9E6DD32}"
	ProjectSection(ProjectDependencies) = postProject
		{8A618DBA-F8C9-42BF-B94F-29249E677EC9} = {8A618DBA-F8C9-42BF-B94F-29249E677EC9}
	EndProjectSection
EndProject
Project("{8BC9CEB8-8B4A-11D0-8D11-00A0C91BC942}") = "OvRendering", "OvRendering\OvRendering.vcxproj", "{677CDBA0-43A9-4A7C-9A7C-3C38C73D1D50}"
	ProjectSection(ProjectDependencies) = postProject
		{4186CB5D-5E99-43FB-8562-42E8F24AC436} = {4186CB5D-5E99-43FB-8562-42E8F24AC436}
		{03A0CA9A-2BB6-4284-8D8E-F6F0F9E6DD32} = {03A0CA9A-2BB6-4284-8D8E-F6F0F9E6DD32}
	EndProjectSection
EndProject
Project("{8BC9CEB8-8B4A-11D0-8D11-00A0C91BC942}") = "OvAudio", "OvAudio\OvAudio.vcxproj", "{E76098C7-D1C1-430E-A7B2-527CF45BD853}"
	ProjectSection(ProjectDependencies) = postProject
		{4186CB5D-5E99-43FB-8562-42E8F24AC436} = {4186CB5D-5E99-43FB-8562-42E8F24AC436}
		{03A0CA9A-2BB6-4284-8D8E-F6F0F9E6DD32} = {03A0CA9A-2BB6-4284-8D8E-F6F0F9E6DD32}
		{8A618DBA-F8C9-42BF-B94F-29249E677EC9} = {8A618DBA-F8C9-42BF-B94F-29249E677EC9}
	EndProjectSection
EndProject
Project("{8BC9CEB8-8B4A-11D0-8D11-00A0C91BC942}") = "OvPhysics", "OvPhysics\OvPhysics.vcxproj", "{9DE77393-CCFB-4085-986C-5D37E2B5B54B}"
	ProjectSection(ProjectDependencies) = postProject
		{4186CB5D-5E99-43FB-8562-42E8F24AC436} = {4186CB5D-5E99-43FB-8562-42E8F24AC436}
		{03A0CA9A-2BB6-4284-8D8E-F6F0F9E6DD32} = {03A0CA9A-2BB6-4284-8D8E-F6F0F9E6DD32}
		{8A618DBA-F8C9-42BF-B94F-29249E677EC9} = {8A618DBA-F8C9-42BF-B94F-29249E677EC9}
	EndProjectSection
EndProject
Project("{8BC9CEB8-8B4A-11D0-8D11-00A0C91BC942}") = "OvWindowing", "OvWindowing\OvWindowing.vcxproj", "{54A2B9EB-6984-49C8-A080-481504343A19}"
	ProjectSection(ProjectDependencies) = postProject
		{03A0CA9A-2BB6-4284-8D8E-F6F0F9E6DD32} = {03A0CA9A-2BB6-4284-8D8E-F6F0F9E6DD32}
		{8A618DBA-F8C9-42BF-B94F-29249E677EC9} = {8A618DBA-F8C9-42BF-B94F-29249E677EC9}
	EndProjectSection
EndProject
Project("{8BC9CEB8-8B4A-11D0-8D11-00A0C91BC942}") = "OvUI", "OvUI\OvUI.vcxproj", "{A5ADA180-BA29-4EC8-ACFD-7DCBFD065967}"
	ProjectSection(ProjectDependencies) = postProject
		{4186CB5D-5E99-43FB-8562-42E8F24AC436} = {4186CB5D-5E99-43FB-8562-42E8F24AC436}
		{03A0CA9A-2BB6-4284-8D8E-F6F0F9E6DD32} = {03A0CA9A-2BB6-4284-8D8E-F6F0F9E6DD32}
		{8A618DBA-F8C9-42BF-B94F-29249E677EC9} = {8A618DBA-F8C9-42BF-B94F-29249E677EC9}
	EndProjectSection
EndProject
Project("{8BC9CEB8-8B4A-11D0-8D11-00A0C91BC942}") = "OvGame", "OvGame\OvGame.vcxproj", "{C9CFF0F8-3CA5-424E-A41D-110158096532}"
	ProjectSection(ProjectDependencies) = postProject
		{C1D2EBB7-EE2A-4D42-858B-F14F5A47B867} = {C1D2EBB7-EE2A-4D42-858B-F14F5A47B867}
	EndProjectSection
EndProject
Global
	GlobalSection(SolutionConfigurationPlatforms) = preSolution
		Debug|x64 = Debug|x64
		Release|x64 = Release|x64
	EndGlobalSection
	GlobalSection(ProjectConfigurationPlatforms) = postSolution
		{7EBB8C83-AB76-40FA-9F8F-8C2398AA3F7F}.Debug|x64.ActiveCfg = Debug|x64
		{7EBB8C83-AB76-40FA-9F8F-8C2398AA3F7F}.Debug|x64.Build.0 = Debug|x64
		{7EBB8C83-AB76-40FA-9F8F-8C2398AA3F7F}.Release|x64.ActiveCfg = Release|x64
		{7EBB8C83-AB76-40FA-9F8F-8C2398AA3F7F}.Release|x64.Build.0 = Release|x64
		{45BFDD00-877F-42ED-A0E4-92E56F7D3C0E}.Debug|x64.ActiveCfg = Debug|x64
		{45BFDD00-877F-42ED-A0E4-92E56F7D3C0E}.Debug|x64.Build.0 = Debug|x64
		{45BFDD00-877F-42ED-A0E4-92E56F7D3C0E}.Release|x64.ActiveCfg = Release|x64
		{45BFDD00-877F-42ED-A0E4-92E56F7D3C0E}.Release|x64.Build.0 = Release|x64
		{4186CB5D-5E99-43FB-8562-42E8F24AC436}.Debug|x64.ActiveCfg = Debug|x64
		{4186CB5D-5E99-43FB-8562-42E8F24AC436}.Debug|x64.Build.0 = Debug|x64
		{4186CB5D-5E99-43FB-8562-42E8F24AC436}.Release|x64.ActiveCfg = Release|x64
		{4186CB5D-5E99-43FB-8562-42E8F24AC436}.Release|x64.Build.0 = Release|x64
		{C1D2EBB7-EE2A-4D42-858B-F14F5A47B867}.Debug|x64.ActiveCfg = Debug|x64
		{C1D2EBB7-EE2A-4D42-858B-F14F5A47B867}.Debug|x64.Build.0 = Debug|x64
		{C1D2EBB7-EE2A-4D42-858B-F14F5A47B867}.Release|x64.ActiveCfg = Release|x64
		{C1D2EBB7-EE2A-4D42-858B-F14F5A47B867}.Release|x64.Build.0 = Release|x64
		{8A618DBA-F8C9-42BF-B94F-29249E677EC9}.Debug|x64.ActiveCfg = Debug|x64
		{8A618DBA-F8C9-42BF-B94F-29249E677EC9}.Debug|x64.Build.0 = Debug|x64
		{8A618DBA-F8C9-42BF-B94F-29249E677EC9}.Release|x64.ActiveCfg = Release|x64
		{8A618DBA-F8C9-42BF-B94F-29249E677EC9}.Release|x64.Build.0 = Release|x64
		{03A0CA9A-2BB6-4284-8D8E-F6F0F9E6DD32}.Debug|x64.ActiveCfg = Debug|x64
		{03A0CA9A-2BB6-4284-8D8E-F6F0F9E6DD32}.Debug|x64.Build.0 = Debug|x64
		{03A0CA9A-2BB6-4284-8D8E-F6F0F9E6DD32}.Release|x64.ActiveCfg = Release|x64
		{03A0CA9A-2BB6-4284-8D8E-F6F0F9E6DD32}.Release|x64.Build.0 = Release|x64
		{677CDBA0-43A9-4A7C-9A7C-3C38C73D1D50}.Debug|x64.ActiveCfg = Debug|x64
		{677CDBA0-43A9-4A7C-9A7C-3C38C73D1D50}.Debug|x64.Build.0 = Debug|x64
		{677CDBA0-43A9-4A7C-9A7C-3C38C73D1D50}.Release|x64.ActiveCfg = Release|x64
		{677CDBA0-43A9-4A7C-9A7C-3C38C73D1D50}.Release|x64.Build.0 = Release|x64
		{E76098C7-D1C1-430E-A7B2-527CF45BD853}.Debug|x64.ActiveCfg = Debug|x64
		{E76098C7-D1C1-430E-A7B2-527CF45BD853}.Debug|x64.Build.0 = Debug|x64
		{E76098C7-D1C1-430E-A7B2-527CF45BD853}.Release|x64.ActiveCfg = Release|x64
		{E76098C7-D1C1-430E-A7B2-527CF45BD853}.Release|x64.Build.0 = Release|x64
		{9DE77393-CCFB-4085-986C-5D37E2B5B54B}.Debug|x64.ActiveCfg = Debug|x64
		{9DE77393-CCFB-4085-986C-5D37E2B5B54B}.Debug|x64.Build.0 = Debug|x64
		{9DE77393-CCFB-4085-986C-5D37E2B5B54B}.Release|x64.ActiveCfg = Release|x64
		{9DE77393-CCFB-4085-986C-5D37E2B5B54B}.Release|x64.Build.0 = Release|x64
		{54A2B9EB-6984-49C8-A080-481504343A19}.Debug|x64.ActiveCfg = Debug|x64
		{54A2B9EB-6984-49C8-A080-481504343A19}.Debug|x64.Build.0 = Debug|x64
		{54A2B9EB-6984-49C8-A080-481504343A19}.Release|x64.ActiveCfg = Release|x64
		{54A2B9EB-6984-49C8-A080-481504343A19}.Release|x64.Build.0 = Release|x64
		{A5ADA180-BA29-4EC8-ACFD-7DCBFD065967}.Debug|x64.ActiveCfg = Debug|x64
		{A5ADA180-BA29-4EC8-ACFD-7DCBFD065967}.Debug|x64.Build.0 = Debug|x64
		{A5ADA180-BA29-4EC8-ACFD-7DCBFD065967}.Release|x64.ActiveCfg = Release|x64
		{A5ADA180-BA29-4EC8-ACFD-7DCBFD065967}.Release|x64.Build.0 = Release|x64
		{C9CFF0F8-3CA5-424E-A41D-110158096532}.Debug|x64.ActiveCfg = Debug|x64
		{C9CFF0F8-3CA5-424E-A41D-110158096532}.Debug|x64.Build.0 = Debug|x64
		{C9CFF0F8-3CA5-424E-A41D-110158096532}.Release|x64.ActiveCfg = Release|x64
		{C9CFF0F8-3CA5-424E-A41D-110158096532}.Release|x64.Build.0 = Release|x64
	EndGlobalSection
	GlobalSection(SolutionProperties) = preSolution
		HideSolutionNode = FALSE
	EndGlobalSection
	GlobalSection(ExtensibilityGlobals) = postSolution
		SolutionGuid = {100675EE-6C09-4996-B1A1-D4D0D5305C18}
	EndGlobalSection
EndGlobal
